Microsoft Visual Studio Solution File, Format Version 12.00
# Visual Studio Version 17
VisualStudioVersion = 17.5.2.0
MinimumVisualStudioVersion = 10.0.40219.1
Project("{FAE04EC0-301F-11D3-BF4B-00C04F79EFBC}") = "AplikasiNew", "AplikasiNew.csproj", "{0332B46D-8217-7B6D-0FB4-DAE44F95D45C}"
EndProject
Global
	GlobalSection(SolutionConfigurationPlatforms) = preSolution
		Debug|Any CPU = Debug|Any CPU
		Release|Any CPU = Release|Any CPU
	EndGlobalSection
	GlobalSection(ProjectConfigurationPlatforms) = postSolution
		{0332B46D-8217-7B6D-0FB4-DAE44F95D45C}.Debug|Any CPU.ActiveCfg = Debug|Any CPU
		{0332B46D-8217-7B6D-0FB4-DAE44F95D45C}.Debug|Any CPU.Build.0 = Debug|Any CPU
		{0332B46D-8217-7B6D-0FB4-DAE44F95D45C}.Release|Any CPU.ActiveCfg = Release|Any CPU
		{0332B46D-8217-7B6D-0FB4-DAE44F95D45C}.Release|Any CPU.Build.0 = Release|Any CPU
	EndGlobalSection
	GlobalSection(SolutionProperties) = preSolution
		HideSolutionNode = FALSE
	EndGlobalSection
	GlobalSection(ExtensibilityGlobals) = postSolution
		SolutionGuid = {82AF8BA1-A1B0-4CC5-AA1E-E6441084F073}
	EndGlobalSection
EndGlobal
